{
    "_readme": [
        "This file locks the dependencies of your project to a known state",
        "Read more about it at https://getcomposer.org/doc/01-basic-usage.md#composer-lock-the-lock-file",
        "This file is @generated automatically"
    ],
    "content-hash": "ea29551756fb60bcd322f21387e6f205",
    "packages": [
        {
            "name": "genesisgateway/genesis_php",
            "version": "1.14.0",
            "source": {
                "type": "git",
                "url": "https://github.com/GenesisGateway/genesis_php.git",
                "reference": "b2a40413fd50357f41015eb05db9af305a3f4a6f"
            },
            "dist": {
                "type": "zip",
                "url": "https://api.github.com/repos/GenesisGateway/genesis_php/zipball/b2a40413fd50357f41015eb05db9af305a3f4a6f",
                "reference": "b2a40413fd50357f41015eb05db9af305a3f4a6f",
                "shasum": ""
            },
            "require": {
                "ext-bcmath": "*",
                "ext-curl": "*",
                "ext-filter": "*",
                "ext-hash": "*",
                "ext-simplexml": "*",
                "ext-xmlreader": "*",
                "ext-xmlwriter": "*",
                "php": ">=5.5.9"
            },
            "require-dev": {
                "fzaninotto/faker": "1.*@stable",
                "phpspec/phpspec": "2.*@stable"
            },
            "type": "library",
            "autoload": {
                "psr-0": {
                    "Genesis": "src/"
                }
            },
            "notification-url": "https://packagist.org/downloads/",
            "license": [
                "MIT"
            ],
            "description": "PHP Client for Genesis Payment Processing Gateway",
            "keywords": [
                "3d-secure",
                "POLi",
                "Przelewy24",
                "SDD",
                "alipay",
                "authorize",
                "banco_do_brasil",
                "bcmc",
                "bitpay",
                "capture",
                "cashu",
                "chargeback",
                "citadel_payin",
                "citadel_payout",
                "container_store",
                "credit_card",
                "debit_card",
                "e-commerce",
                "earthport",
                "entercash",
                "eps",
                "ezeewallet",
                "fashioncheque",
                "fraud",
                "genesis",
                "genesisgateway",
                "giropay",
                "ideal",
                "idebit",
                "idebit_payin",
                "idebit_payout",
                "inpay",
                "insta_debit",
                "insta_debit_payin",
                "insta_debit_payout",
                "instant_transfer",
                "intersolve",
                "mastercard",
                "multibanco",
                "mybank",
                "neteller",
                "p24",
                "paybyvouchers",
                "payment_gateway",
                "payment_processing",
                "payments",
                "paypal",
                "paypal_express",
                "paysafecard",
                "paysec",
                "payu",
                "pci-dss",
                "ppro",
                "qiwi",
                "recurring",
                "refund",
                "safetypay",
                "sct_payout",
                "sdd_recurring",
                "sdd_refund",
                "sofort",
                "tc40",
                "trustly",
                "trustly_sale",
                "trustly_withdrawal",
                "trustpay",
                "visa",
                "void",
                "webmoney",
                "wechat",
                "zimpler"
            ],
            "time": "2019-04-10T11:33:49+00:00"
        }
    ],
    "packages-dev": [
        {
            "name": "fzaninotto/faker",
            "version": "v1.8.0",
            "source": {
                "type": "git",
                "url": "https://github.com/fzaninotto/Faker.git",
                "reference": "f72816b43e74063c8b10357394b6bba8cb1c10de"
            },
            "dist": {
                "type": "zip",
                "url": "https://api.github.com/repos/fzaninotto/Faker/zipball/f72816b43e74063c8b10357394b6bba8cb1c10de",
                "reference": "f72816b43e74063c8b10357394b6bba8cb1c10de",
                "shasum": ""
            },
            "require": {
                "php": "^5.3.3 || ^7.0"
            },
            "require-dev": {
                "ext-intl": "*",
                "phpunit/phpunit": "^4.8.35 || ^5.7",
                "squizlabs/php_codesniffer": "^1.5"
            },
            "type": "library",
            "extra": {
                "branch-alias": {
                    "dev-master": "1.8-dev"
                }
            },
            "autoload": {
                "psr-4": {
                    "Faker\\": "src/Faker/"
                }
            },
            "notification-url": "https://packagist.org/downloads/",
            "license": [
                "MIT"
            ],
            "authors": [
                {
                    "name": "François Zaninotto"
                }
            ],
            "description": "Faker is a PHP library that generates fake data for you.",
            "keywords": [
                "data",
                "faker",
                "fixtures"
            ],
            "time": "2018-07-12T10:23:15+00:00"
        }
    ],
    "aliases": [],
    "minimum-stability": "stable",
    "stability-flags": {
        "fzaninotto/faker": 0
    },
    "prefer-stable": false,
    "prefer-lowest": false,
    "platform": {
        "php": "7.0.2|7.0.4|~7.0.6|7.1.*"
    },
    "platform-dev": []
}
